{
  "pins" : [
    {
      "identity" : "asn1swift",
      "kind" : "remoteSourceControl",
      "location" : "https://github.com/tikhop/ASN1Swift",
      "state" : {
        "revision" : "b53bee03a942623db25afc5bfb80227b2cb3b425",
        "version" : "1.2.4"
      }
    },
    {
      "identity" : "onesignal-xcframework",
      "kind" : "remoteSourceControl",
      "location" : "https://github.com/OneSignal/OneSignal-XCFramework",
      "state" : {
        "revision" : "f3b2ae02a073d247345b88bf04dd5ab1ca37abb4",
        "version" : "3.10.0"
      }
    },
    {
      "identity" : "paywall-ios",
      "kind" : "remoteSourceControl",
      "location" : "https://github.com/superwall-me/paywall-ios",
      "state" : {
        "revision" : "10d73eda3c8c387272be4115d4b80ab976cc9d33",
        "version" : "2.5.4"
      }
    },
    {
      "identity" : "storyly-ios",
      "kind" : "remoteSourceControl",
      "location" : "https://github.com/Netvent/storyly-ios",
      "state" : {
        "revision" : "04b2892389e07478fde30892c801c938ceaedbfb",
        "version" : "1.19.4"
      }
    }
  ],
  "version" : 2
}
