{
  "object": {
    "pins": [
      {
        "package": "ASN1Swift",
        "repositoryURL": "https://github.com/tikhop/ASN1Swift",
        "state": {
          "branch": null,
          "revision": "b53bee03a942623db25afc5bfb80227b2cb3b425",
          "version": "1.2.4"
        }
      },
      {
        "package": "OneSignalXCFramework",
        "repositoryURL": "https://github.com/OneSignal/OneSignal-XCFramework",
        "state": {
          "branch": null,
          "revision": "a0b4c9250172a90330f3e33042ec7dfa93ed19bf",
          "version": "3.10.3"
        }
      },
      {
        "package": "Paywall",
        "repositoryURL": "https://github.com/superwall-me/paywall-ios",
        "state": {
          "branch": null,
          "revision": "5690fe196622a8bcc29485a8debc220550d1b313",
          "version": "2.3.0"
        }
      },
      {
        "package": "Storyly",
        "repositoryURL": "https://github.com/Netvent/storyly-ios",
        "state": {
          "branch": null,
          "revision": "04b2892389e07478fde30892c801c938ceaedbfb",
          "version": "1.19.4"
        }
      }
    ]
  },
  "version": 1
}
