{
  "pins" : [
    {
      "identity" : "appauth-ios",
      "kind" : "remoteSourceControl",
      "location" : "https://github.com/openid/AppAuth-iOS.git",
      "state" : {
        "revision" : "3d36a58a2b736f7bc499453e996a704929b25080",
        "version" : "1.6.0"
      }
    },
    {
      "identity" : "applovin-max-swift-package",
      "kind" : "remoteSourceControl",
      "location" : "https://github.com/AppLovin/AppLovin-MAX-Swift-Package.git",
      "state" : {
        "revision" : "84c1243412129ce17700655f68c60afcd73a8928",
        "version" : "11.5.5"
      }
    },
    {
      "identity" : "asn1swift",
      "kind" : "remoteSourceControl",
      "location" : "https://github.com/tikhop/ASN1Swift",
      "state" : {
        "revision" : "b53bee03a942623db25afc5bfb80227b2cb3b425",
        "version" : "1.2.4"
      }
    },
    {
      "identity" : "facebook-ios-sdk",
      "kind" : "remoteSourceControl",
      "location" : "https://github.com/facebook/facebook-ios-sdk",
      "state" : {
        "revision" : "c3d367656ae8ced1149c2c6a5e6b5dd91ecad63c",
        "version" : "9.3.0"
      }
    },
    {
      "identity" : "flurryswiftpackage",
      "kind" : "remoteSourceControl",
      "location" : "https://github.com/flurry/FlurrySwiftPackage",
      "state" : {
        "revision" : "6e614a60a394cd99a344ae16e6dd9a9d6d2105fa",
        "version" : "12.1.4"
      }
    },
    {
      "identity" : "googleappmeasurement",
      "kind" : "remoteSourceControl",
      "location" : "https://github.com/google/GoogleAppMeasurement.git",
      "state" : {
        "revision" : "c1cfde8067668027b23a42c29d11c246152fe046",
        "version" : "9.6.0"
      }
    },
    {
      "identity" : "googlesignin-ios",
      "kind" : "remoteSourceControl",
      "location" : "https://github.com/google/GoogleSignIn-iOS",
      "state" : {
        "revision" : "9c9b36af86a4dd3da16048a36cf37351e63ccfe1",
        "version" : "6.2.4"
      }
    },
    {
      "identity" : "googleutilities",
      "kind" : "remoteSourceControl",
      "location" : "https://github.com/google/GoogleUtilities.git",
      "state" : {
        "revision" : "0543562f85620b5b7c510c6bcbef75b562a5127b",
        "version" : "7.11.0"
      }
    },
    {
      "identity" : "gtm-session-fetcher",
      "kind" : "remoteSourceControl",
      "location" : "https://github.com/google/gtm-session-fetcher.git",
      "state" : {
        "revision" : "5ccda3981422a84186387dbb763ba739178b529c",
        "version" : "2.3.0"
      }
    },
    {
      "identity" : "gtmappauth",
      "kind" : "remoteSourceControl",
      "location" : "https://github.com/google/GTMAppAuth.git",
      "state" : {
        "revision" : "6dee0cde8a1b223737a5159e55e6b4ec16bbbdd9",
        "version" : "1.3.1"
      }
    },
    {
      "identity" : "mwmpublishingsdk-ios",
      "kind" : "remoteSourceControl",
      "location" : "https://code.musicworldmedia.com/external/mwmpublishingsdk-ios.git",
      "state" : {
        "revision" : "0652a71233a1820cdf10b9277140ac244b2e4ca7",
        "version" : "7.1.0"
      }
    },
    {
      "identity" : "mwmsessionssdk-ios",
      "kind" : "remoteSourceControl",
      "location" : "https://code.musicworldmedia.com/external/mwmsessionssdk-ios.git",
      "state" : {
        "revision" : "2c36a7fa56e8286b94b3fe26ab50f7c7f0b40890",
        "version" : "1.0.4"
      }
    },
    {
      "identity" : "nanopb",
      "kind" : "remoteSourceControl",
      "location" : "https://github.com/firebase/nanopb.git",
      "state" : {
        "revision" : "819d0a2173aff699fb8c364b6fb906f7cdb1a692",
        "version" : "2.30909.0"
      }
    },
    {
      "identity" : "nuke",
      "kind" : "remoteSourceControl",
      "location" : "https://github.com/kean/Nuke.git",
      "state" : {
        "revision" : "7f73ceaeacd5df75a7994cd82e165ad9ff1815db",
        "version" : "9.6.1"
      }
    },
    {
      "identity" : "onesignal-xcframework",
      "kind" : "remoteSourceControl",
      "location" : "https://github.com/OneSignal/OneSignal-XCFramework",
      "state" : {
        "revision" : "f3b2ae02a073d247345b88bf04dd5ab1ca37abb4",
        "version" : "3.10.0"
      }
    },
    {
      "identity" : "paywall-ios",
      "kind" : "remoteSourceControl",
      "location" : "https://github.com/superwall-me/paywall-ios",
      "state" : {
        "revision" : "15e8b540da851a9d5ac9f289ee98494b289edcf6",
        "version" : "2.5.6"
      }
    },
    {
      "identity" : "promises",
      "kind" : "remoteSourceControl",
      "location" : "https://github.com/google/promises.git",
      "state" : {
        "revision" : "ec957ccddbcc710ccc64c9dcbd4c7006fcf8b73a",
        "version" : "2.2.0"
      }
    },
    {
      "identity" : "storyly-ios",
      "kind" : "remoteSourceControl",
      "location" : "https://github.com/Netvent/storyly-ios",
      "state" : {
        "revision" : "04b2892389e07478fde30892c801c938ceaedbfb",
        "version" : "1.19.4"
      }
    },
    {
      "identity" : "swift-package-manager-google-mobile-ads",
      "kind" : "remoteSourceControl",
      "location" : "https://github.com/googleads/swift-package-manager-google-mobile-ads.git",
      "state" : {
        "revision" : "8ee37d38a965c54c36a33a169c49f3d293def2f6",
        "version" : "9.11.0"
      }
    },
    {
      "identity" : "swift-package-manager-google-user-messaging-platform",
      "kind" : "remoteSourceControl",
      "location" : "https://github.com/googleads/swift-package-manager-google-user-messaging-platform.git",
      "state" : {
        "revision" : "3b924ce3313a5fd2fc6a8dc889a8c38f76890fe3",
        "version" : "2.0.0"
      }
    },
    {
      "identity" : "yahoomobilesdk-swiftpackage",
      "kind" : "remoteSourceControl",
      "location" : "https://github.com/yahoo/YahooMobileSDK-SwiftPackage.git",
      "state" : {
        "revision" : "733820b28e9dd8f7a0198861bee97ab7cf9bfdb8",
        "version" : "1.2.0"
      }
    }
  ],
  "version" : 2
}
